
Microsoft Visual Studio Solution File, Format Version 12.00
# Visual Studio Version 16
VisualStudioVersion = 25.0.1704.0
MinimumVisualStudioVersion = 10.0.40219.1
Project("{FAE04EC0-301F-11D3-BF4B-00C04F79EFBC}") = "CorePlugin.Plugin", "CorePlugin.Plugin.csproj", "{2DEFF669-479C-4800-9467-1C7DF587BA50}"
EndProject
Global
	GlobalSection(SolutionConfigurationPlatforms) = preSolution
		Debug|Any CPU = Debug|Any CPU
		Release|Any CPU = Release|Any CPU
	EndGlobalSection
	GlobalSection(ProjectConfigurationPlatforms) = postSolution
		{2DEFF669-479C-4800-9467-1C7DF587BA50}.Debug|Any CPU.ActiveCfg = Debug|Any CPU
		{2DEFF669-479C-4800-9467-1C7DF587BA50}.Debug|Any CPU.Build.0 = Debug|Any CPU
		{2DEFF669-479C-4800-9467-1C7DF587BA50}.Release|Any CPU.ActiveCfg = Release|Any CPU
		{2DEFF669-479C-4800-9467-1C7DF587BA50}.Release|Any CPU.Build.0 = Release|Any CPU
	EndGlobalSection
	GlobalSection(SolutionProperties) = preSolution
		HideSolutionNode = FALSE
	EndGlobalSection
	GlobalSection(ExtensibilityGlobals) = postSolution
		SolutionGuid = {0D4D0098-3A19-45AF-ABE9-D413E87A8777}
	EndGlobalSection
EndGlobal
